// !$*UTF8*$!
{
	archiveVersion = 1;
	classes = {
	};
	objectVersion = 50;
	objects = {

/* Begin PBXGroup section */
		BEA7932422069DEA00E207E0 = {
			isa = PBXGroup;
			children = (
			);
			sourceTree = "<group>";
		};
/* End PBXGroup section */

/* Begin PBXProject section */
		BEA7932522069DEA00E207E0 /* Project object */ = {
			isa = PBXProject;
			attributes = {
				LastUpgradeCheck = 1010;
			};
			buildConfigurationList = BEA7932822069DEA00E207E0 /* Build configuration list for PBXProject "RegExcellent" */;
			compatibilityVersion = "Xcode 9.3";
			developmentRegion = en;
			hasScannedForEncodings = 0;
			knownRegions = (
				en,
			);
			mainGroup = BEA7932422069DEA00E207E0;
			projectDirPath = "";
			projectRoot = "";
			targets = (
			);
		};
/* End PBXProject section */

/* Begin XCBuildConfiguration section */
		BEA7932922069DEA00E207E0 /* Debug */ = {
			isa = XCBuildConfiguration;
			buildSettings = {
			};
			name = Debug;
		};
		BEA7932A22069DEA00E207E0 /* Release */ = {
			isa = XCBuildConfiguration;
			buildSettings = {
			};
			name = Release;
		};
/* End XCBuildConfiguration section */

/* Begin XCConfigurationList section */
		BEA7932822069DEA00E207E0 /* Build configuration list for PBXProject "RegExcellent" */ = {
			isa = XCConfigurationList;
			buildConfigurations = (
				BEA7932922069DEA00E207E0 /* Debug */,
				BEA7932A22069DEA00E207E0 /* Release */,
			);
			defaultConfigurationIsVisible = 0;
			defaultConfigurationName = Release;
		};
/* End XCConfigurationList section */
	};
	rootObject = BEA7932522069DEA00E207E0 /* Project object */;
}
